
Microsoft Visual Studio Solution File, Format Version 12.00
# Visual Studio Version 17
VisualStudioVersion = 17.6.33829.357
MinimumVisualStudioVersion = 10.0.40219.1
Project("{FAE04EC0-301F-11D3-BF4B-00C04F79EFBC}") = "MyTestExplorerExtension", "MyTestExplorerExtension\MyTestExplorerExtension.csproj", "{9BCE97EE-38F4-4EB2-8015-376C1F8CC1CB}"
EndProject
Global
	GlobalSection(SolutionConfigurationPlatforms) = preSolution
		Debug|Any CPU = Debug|Any CPU
		Release|Any CPU = Release|Any CPU
	EndGlobalSection
	GlobalSection(ProjectConfigurationPlatforms) = postSolution
		{9BCE97EE-38F4-4EB2-8015-376C1F8CC1CB}.Debug|Any CPU.ActiveCfg = Debug|Any CPU
		{9BCE97EE-38F4-4EB2-8015-376C1F8CC1CB}.Debug|Any CPU.Build.0 = Debug|Any CPU
		{9BCE97EE-38F4-4EB2-8015-376C1F8CC1CB}.Release|Any CPU.ActiveCfg = Release|Any CPU
		{9BCE97EE-38F4-4EB2-8015-376C1F8CC1CB}.Release|Any CPU.Build.0 = Release|Any CPU
	EndGlobalSection
	GlobalSection(SolutionProperties) = preSolution
		HideSolutionNode = FALSE
	EndGlobalSection
	GlobalSection(ExtensibilityGlobals) = postSolution
		SolutionGuid = {746A3E62-972F-400C-9EF0-F9694D7BB09E}
	EndGlobalSection
EndGlobal
